
Microsoft Visual Studio Solution File, Format Version 12.00
# Visual Studio Version 17
VisualStudioVersion = 17.0.31903.59
MinimumVisualStudioVersion = 10.0.40219.1
Project("{FAE04EC0-301F-11D3-BF4B-00C04F79EFBC}") = "orbital.web", "orbital.web\orbital.web.csproj", "{74873CF0-1436-43E8-BB9D-8F1ECD90871D}"
	ProjectSection(ProjectDependencies) = postProject
		{6519F008-A667-CB21-7987-30923FC1325D} = {6519F008-A667-CB21-7987-30923FC1325D}
	EndProjectSection
EndProject
Project("{FAE04EC0-301F-11D3-BF4B-00C04F79EFBC}") = "orbital.AppHost", "orbital.AppHost\orbital.AppHost.csproj", "{CE847CE3-E225-49D0-9546-DB2C4778062A}"
	ProjectSection(ProjectDependencies) = postProject
		{74873CF0-1436-43E8-BB9D-8F1ECD90871D} = {74873CF0-1436-43E8-BB9D-8F1ECD90871D}
	EndProjectSection
EndProject
Project("{FAE04EC0-301F-11D3-BF4B-00C04F79EFBC}") = "orbital.ServiceDefaults", "orbital.ServiceDefaults\orbital.ServiceDefaults.csproj", "{6519F008-A667-CB21-7987-30923FC1325D}"
EndProject
Project("{FAE04EC0-301F-11D3-BF4B-00C04F79EFBC}") = "orbital.api", "orbital.api\orbital.api.csproj", "{1642D94B-E600-169D-8717-4A738DA3FFD6}"
	ProjectSection(ProjectDependencies) = postProject
		{2DB798D1-240C-4FB1-A477-99B7706F1ED7} = {2DB798D1-240C-4FB1-A477-99B7706F1ED7}
	EndProjectSection
EndProject
Project("{FAE04EC0-301F-11D3-BF4B-00C04F79EFBC}") = "orbital.core", "orbital.core\orbital.core.csproj", "{2DB798D1-240C-4FB1-A477-99B7706F1ED7}"
EndProject
Project("{FAE04EC0-301F-11D3-BF4B-00C04F79EFBC}") = "orbital.test.api", "orbital.test.api\orbital.test.api.csproj", "{39F16FBF-C66B-4D3B-82FF-D83958BF07A7}"
EndProject
Project("{FAE04EC0-301F-11D3-BF4B-00C04F79EFBC}") = "orbital.data", "orbital.data\orbital.data.csproj", "{B61F7C07-C056-4451-BC02-C191FEA3A05B}"
EndProject
Project("{2150E333-8FDC-42A3-9474-1A3956D46DE8}") = "tests", "tests", "{0AB3BF05-4346-4AA6-1389-037BE0695223}"
EndProject
Project("{FAE04EC0-301F-11D3-BF4B-00C04F79EFBC}") = "orbital.core.tests", "tests\orbital.core.tests\orbital.core.tests.csproj", "{CD79B7EB-4F94-4219-AA4A-77FA3C309582}"
EndProject
Project("{FAE04EC0-301F-11D3-BF4B-00C04F79EFBC}") = "orbital.test.shared", "tests\orbital.test.shared\orbital.test.shared.csproj", "{FA74D733-CD57-40B2-B17A-85650CD387CE}"
EndProject
Project("{FAE04EC0-301F-11D3-BF4B-00C04F79EFBC}") = "orbital.api.tests", "tests\orbital.api.tests\orbital.api.tests.csproj", "{6F281E39-1AA6-4F2B-9584-DE59B187FB3D}"
EndProject
Global
	GlobalSection(SolutionConfigurationPlatforms) = preSolution
		Debug|Any CPU = Debug|Any CPU
		Debug|x64 = Debug|x64
		Debug|x86 = Debug|x86
		Release|Any CPU = Release|Any CPU
		Release|x64 = Release|x64
		Release|x86 = Release|x86
	EndGlobalSection
	GlobalSection(ProjectConfigurationPlatforms) = postSolution
		{74873CF0-1436-43E8-BB9D-8F1ECD90871D}.Debug|Any CPU.ActiveCfg = Debug|Any CPU
		{74873CF0-1436-43E8-BB9D-8F1ECD90871D}.Debug|Any CPU.Build.0 = Debug|Any CPU
		{74873CF0-1436-43E8-BB9D-8F1ECD90871D}.Debug|x64.ActiveCfg = Debug|Any CPU
		{74873CF0-1436-43E8-BB9D-8F1ECD90871D}.Debug|x64.Build.0 = Debug|Any CPU
		{74873CF0-1436-43E8-BB9D-8F1ECD90871D}.Debug|x86.ActiveCfg = Debug|Any CPU
		{74873CF0-1436-43E8-BB9D-8F1ECD90871D}.Debug|x86.Build.0 = Debug|Any CPU
		{74873CF0-1436-43E8-BB9D-8F1ECD90871D}.Release|Any CPU.ActiveCfg = Release|Any CPU
		{74873CF0-1436-43E8-BB9D-8F1ECD90871D}.Release|Any CPU.Build.0 = Release|Any CPU
		{74873CF0-1436-43E8-BB9D-8F1ECD90871D}.Release|x64.ActiveCfg = Release|Any CPU
		{74873CF0-1436-43E8-BB9D-8F1ECD90871D}.Release|x64.Build.0 = Release|Any CPU
		{74873CF0-1436-43E8-BB9D-8F1ECD90871D}.Release|x86.ActiveCfg = Release|Any CPU
		{74873CF0-1436-43E8-BB9D-8F1ECD90871D}.Release|x86.Build.0 = Release|Any CPU
		{CE847CE3-E225-49D0-9546-DB2C4778062A}.Debug|Any CPU.ActiveCfg = Debug|Any CPU
		{CE847CE3-E225-49D0-9546-DB2C4778062A}.Debug|Any CPU.Build.0 = Debug|Any CPU
		{CE847CE3-E225-49D0-9546-DB2C4778062A}.Debug|x64.ActiveCfg = Debug|Any CPU
		{CE847CE3-E225-49D0-9546-DB2C4778062A}.Debug|x64.Build.0 = Debug|Any CPU
		{CE847CE3-E225-49D0-9546-DB2C4778062A}.Debug|x86.ActiveCfg = Debug|Any CPU
		{CE847CE3-E225-49D0-9546-DB2C4778062A}.Debug|x86.Build.0 = Debug|Any CPU
		{CE847CE3-E225-49D0-9546-DB2C4778062A}.Release|Any CPU.ActiveCfg = Release|Any CPU
		{CE847CE3-E225-49D0-9546-DB2C4778062A}.Release|Any CPU.Build.0 = Release|Any CPU
		{CE847CE3-E225-49D0-9546-DB2C4778062A}.Release|x64.ActiveCfg = Release|Any CPU
		{CE847CE3-E225-49D0-9546-DB2C4778062A}.Release|x64.Build.0 = Release|Any CPU
		{CE847CE3-E225-49D0-9546-DB2C4778062A}.Release|x86.ActiveCfg = Release|Any CPU
		{CE847CE3-E225-49D0-9546-DB2C4778062A}.Release|x86.Build.0 = Release|Any CPU
		{6519F008-A667-CB21-7987-30923FC1325D}.Debug|Any CPU.ActiveCfg = Debug|Any CPU
		{6519F008-A667-CB21-7987-30923FC1325D}.Debug|Any CPU.Build.0 = Debug|Any CPU
		{6519F008-A667-CB21-7987-30923FC1325D}.Debug|x64.ActiveCfg = Debug|Any CPU
		{6519F008-A667-CB21-7987-30923FC1325D}.Debug|x64.Build.0 = Debug|Any CPU
		{6519F008-A667-CB21-7987-30923FC1325D}.Debug|x86.ActiveCfg = Debug|Any CPU
		{6519F008-A667-CB21-7987-30923FC1325D}.Debug|x86.Build.0 = Debug|Any CPU
		{6519F008-A667-CB21-7987-30923FC1325D}.Release|Any CPU.ActiveCfg = Release|Any CPU
		{6519F008-A667-CB21-7987-30923FC1325D}.Release|Any CPU.Build.0 = Release|Any CPU
		{6519F008-A667-CB21-7987-30923FC1325D}.Release|x64.ActiveCfg = Release|Any CPU
		{6519F008-A667-CB21-7987-30923FC1325D}.Release|x64.Build.0 = Release|Any CPU
		{6519F008-A667-CB21-7987-30923FC1325D}.Release|x86.ActiveCfg = Release|Any CPU
		{6519F008-A667-CB21-7987-30923FC1325D}.Release|x86.Build.0 = Release|Any CPU
		{1642D94B-E600-169D-8717-4A738DA3FFD6}.Debug|Any CPU.ActiveCfg = Debug|Any CPU
		{1642D94B-E600-169D-8717-4A738DA3FFD6}.Debug|Any CPU.Build.0 = Debug|Any CPU
		{1642D94B-E600-169D-8717-4A738DA3FFD6}.Debug|x64.ActiveCfg = Debug|Any CPU
		{1642D94B-E600-169D-8717-4A738DA3FFD6}.Debug|x64.Build.0 = Debug|Any CPU
		{1642D94B-E600-169D-8717-4A738DA3FFD6}.Debug|x86.ActiveCfg = Debug|Any CPU
		{1642D94B-E600-169D-8717-4A738DA3FFD6}.Debug|x86.Build.0 = Debug|Any CPU
		{1642D94B-E600-169D-8717-4A738DA3FFD6}.Release|Any CPU.ActiveCfg = Release|Any CPU
		{1642D94B-E600-169D-8717-4A738DA3FFD6}.Release|Any CPU.Build.0 = Release|Any CPU
		{1642D94B-E600-169D-8717-4A738DA3FFD6}.Release|x64.ActiveCfg = Release|Any CPU
		{1642D94B-E600-169D-8717-4A738DA3FFD6}.Release|x64.Build.0 = Release|Any CPU
		{1642D94B-E600-169D-8717-4A738DA3FFD6}.Release|x86.ActiveCfg = Release|Any CPU
		{1642D94B-E600-169D-8717-4A738DA3FFD6}.Release|x86.Build.0 = Release|Any CPU
		{2DB798D1-240C-4FB1-A477-99B7706F1ED7}.Debug|Any CPU.ActiveCfg = Debug|Any CPU
		{2DB798D1-240C-4FB1-A477-99B7706F1ED7}.Debug|Any CPU.Build.0 = Debug|Any CPU
		{2DB798D1-240C-4FB1-A477-99B7706F1ED7}.Debug|x64.ActiveCfg = Debug|Any CPU
		{2DB798D1-240C-4FB1-A477-99B7706F1ED7}.Debug|x64.Build.0 = Debug|Any CPU
		{2DB798D1-240C-4FB1-A477-99B7706F1ED7}.Debug|x86.ActiveCfg = Debug|Any CPU
		{2DB798D1-240C-4FB1-A477-99B7706F1ED7}.Debug|x86.Build.0 = Debug|Any CPU
		{2DB798D1-240C-4FB1-A477-99B7706F1ED7}.Release|Any CPU.ActiveCfg = Release|Any CPU
		{2DB798D1-240C-4FB1-A477-99B7706F1ED7}.Release|Any CPU.Build.0 = Release|Any CPU
		{2DB798D1-240C-4FB1-A477-99B7706F1ED7}.Release|x64.ActiveCfg = Release|Any CPU
		{2DB798D1-240C-4FB1-A477-99B7706F1ED7}.Release|x64.Build.0 = Release|Any CPU
		{2DB798D1-240C-4FB1-A477-99B7706F1ED7}.Release|x86.ActiveCfg = Release|Any CPU
		{2DB798D1-240C-4FB1-A477-99B7706F1ED7}.Release|x86.Build.0 = Release|Any CPU
		{39F16FBF-C66B-4D3B-82FF-D83958BF07A7}.Debug|Any CPU.ActiveCfg = Debug|Any CPU
		{39F16FBF-C66B-4D3B-82FF-D83958BF07A7}.Debug|Any CPU.Build.0 = Debug|Any CPU
		{39F16FBF-C66B-4D3B-82FF-D83958BF07A7}.Debug|x64.ActiveCfg = Debug|Any CPU
		{39F16FBF-C66B-4D3B-82FF-D83958BF07A7}.Debug|x64.Build.0 = Debug|Any CPU
		{39F16FBF-C66B-4D3B-82FF-D83958BF07A7}.Debug|x86.ActiveCfg = Debug|Any CPU
		{39F16FBF-C66B-4D3B-82FF-D83958BF07A7}.Debug|x86.Build.0 = Debug|Any CPU
		{39F16FBF-C66B-4D3B-82FF-D83958BF07A7}.Release|Any CPU.ActiveCfg = Release|Any CPU
		{39F16FBF-C66B-4D3B-82FF-D83958BF07A7}.Release|Any CPU.Build.0 = Release|Any CPU
		{39F16FBF-C66B-4D3B-82FF-D83958BF07A7}.Release|x64.ActiveCfg = Release|Any CPU
		{39F16FBF-C66B-4D3B-82FF-D83958BF07A7}.Release|x64.Build.0 = Release|Any CPU
		{39F16FBF-C66B-4D3B-82FF-D83958BF07A7}.Release|x86.ActiveCfg = Release|Any CPU
		{39F16FBF-C66B-4D3B-82FF-D83958BF07A7}.Release|x86.Build.0 = Release|Any CPU
		{B61F7C07-C056-4451-BC02-C191FEA3A05B}.Debug|Any CPU.ActiveCfg = Debug|Any CPU
		{B61F7C07-C056-4451-BC02-C191FEA3A05B}.Debug|Any CPU.Build.0 = Debug|Any CPU
		{B61F7C07-C056-4451-BC02-C191FEA3A05B}.Debug|x64.ActiveCfg = Debug|Any CPU
		{B61F7C07-C056-4451-BC02-C191FEA3A05B}.Debug|x64.Build.0 = Debug|Any CPU
		{B61F7C07-C056-4451-BC02-C191FEA3A05B}.Debug|x86.ActiveCfg = Debug|Any CPU
		{B61F7C07-C056-4451-BC02-C191FEA3A05B}.Debug|x86.Build.0 = Debug|Any CPU
		{B61F7C07-C056-4451-BC02-C191FEA3A05B}.Release|Any CPU.ActiveCfg = Release|Any CPU
		{B61F7C07-C056-4451-BC02-C191FEA3A05B}.Release|Any CPU.Build.0 = Release|Any CPU
		{B61F7C07-C056-4451-BC02-C191FEA3A05B}.Release|x64.ActiveCfg = Release|Any CPU
		{B61F7C07-C056-4451-BC02-C191FEA3A05B}.Release|x64.Build.0 = Release|Any CPU
		{B61F7C07-C056-4451-BC02-C191FEA3A05B}.Release|x86.ActiveCfg = Release|Any CPU
		{B61F7C07-C056-4451-BC02-C191FEA3A05B}.Release|x86.Build.0 = Release|Any CPU
		{CD79B7EB-4F94-4219-AA4A-77FA3C309582}.Debug|Any CPU.ActiveCfg = Debug|Any CPU
		{CD79B7EB-4F94-4219-AA4A-77FA3C309582}.Debug|Any CPU.Build.0 = Debug|Any CPU
		{CD79B7EB-4F94-4219-AA4A-77FA3C309582}.Debug|x64.ActiveCfg = Debug|Any CPU
		{CD79B7EB-4F94-4219-AA4A-77FA3C309582}.Debug|x64.Build.0 = Debug|Any CPU
		{CD79B7EB-4F94-4219-AA4A-77FA3C309582}.Debug|x86.ActiveCfg = Debug|Any CPU
		{CD79B7EB-4F94-4219-AA4A-77FA3C309582}.Debug|x86.Build.0 = Debug|Any CPU
		{CD79B7EB-4F94-4219-AA4A-77FA3C309582}.Release|Any CPU.ActiveCfg = Release|Any CPU
		{CD79B7EB-4F94-4219-AA4A-77FA3C309582}.Release|Any CPU.Build.0 = Release|Any CPU
		{CD79B7EB-4F94-4219-AA4A-77FA3C309582}.Release|x64.ActiveCfg = Release|Any CPU
		{CD79B7EB-4F94-4219-AA4A-77FA3C309582}.Release|x64.Build.0 = Release|Any CPU
		{CD79B7EB-4F94-4219-AA4A-77FA3C309582}.Release|x86.ActiveCfg = Release|Any CPU
		{CD79B7EB-4F94-4219-AA4A-77FA3C309582}.Release|x86.Build.0 = Release|Any CPU
		{FA74D733-CD57-40B2-B17A-85650CD387CE}.Debug|Any CPU.ActiveCfg = Debug|Any CPU
		{FA74D733-CD57-40B2-B17A-85650CD387CE}.Debug|Any CPU.Build.0 = Debug|Any CPU
		{FA74D733-CD57-40B2-B17A-85650CD387CE}.Debug|x64.ActiveCfg = Debug|Any CPU
		{FA74D733-CD57-40B2-B17A-85650CD387CE}.Debug|x64.Build.0 = Debug|Any CPU
		{FA74D733-CD57-40B2-B17A-85650CD387CE}.Debug|x86.ActiveCfg = Debug|Any CPU
		{FA74D733-CD57-40B2-B17A-85650CD387CE}.Debug|x86.Build.0 = Debug|Any CPU
		{FA74D733-CD57-40B2-B17A-85650CD387CE}.Release|Any CPU.ActiveCfg = Release|Any CPU
		{FA74D733-CD57-40B2-B17A-85650CD387CE}.Release|Any CPU.Build.0 = Release|Any CPU
		{FA74D733-CD57-40B2-B17A-85650CD387CE}.Release|x64.ActiveCfg = Release|Any CPU
		{FA74D733-CD57-40B2-B17A-85650CD387CE}.Release|x64.Build.0 = Release|Any CPU
		{FA74D733-CD57-40B2-B17A-85650CD387CE}.Release|x86.ActiveCfg = Release|Any CPU
		{FA74D733-CD57-40B2-B17A-85650CD387CE}.Release|x86.Build.0 = Release|Any CPU
		{6F281E39-1AA6-4F2B-9584-DE59B187FB3D}.Debug|Any CPU.ActiveCfg = Debug|Any CPU
		{6F281E39-1AA6-4F2B-9584-DE59B187FB3D}.Debug|Any CPU.Build.0 = Debug|Any CPU
		{6F281E39-1AA6-4F2B-9584-DE59B187FB3D}.Debug|x64.ActiveCfg = Debug|Any CPU
		{6F281E39-1AA6-4F2B-9584-DE59B187FB3D}.Debug|x64.Build.0 = Debug|Any CPU
		{6F281E39-1AA6-4F2B-9584-DE59B187FB3D}.Debug|x86.ActiveCfg = Debug|Any CPU
		{6F281E39-1AA6-4F2B-9584-DE59B187FB3D}.Debug|x86.Build.0 = Debug|Any CPU
		{6F281E39-1AA6-4F2B-9584-DE59B187FB3D}.Release|Any CPU.ActiveCfg = Release|Any CPU
		{6F281E39-1AA6-4F2B-9584-DE59B187FB3D}.Release|Any CPU.Build.0 = Release|Any CPU
		{6F281E39-1AA6-4F2B-9584-DE59B187FB3D}.Release|x64.ActiveCfg = Release|Any CPU
		{6F281E39-1AA6-4F2B-9584-DE59B187FB3D}.Release|x64.Build.0 = Release|Any CPU
		{6F281E39-1AA6-4F2B-9584-DE59B187FB3D}.Release|x86.ActiveCfg = Release|Any CPU
		{6F281E39-1AA6-4F2B-9584-DE59B187FB3D}.Release|x86.Build.0 = Release|Any CPU
	EndGlobalSection
	GlobalSection(SolutionProperties) = preSolution
		HideSolutionNode = FALSE
	EndGlobalSection
	GlobalSection(NestedProjects) = preSolution
		{CD79B7EB-4F94-4219-AA4A-77FA3C309582} = {0AB3BF05-4346-4AA6-1389-037BE0695223}
		{FA74D733-CD57-40B2-B17A-85650CD387CE} = {0AB3BF05-4346-4AA6-1389-037BE0695223}
		{6F281E39-1AA6-4F2B-9584-DE59B187FB3D} = {0AB3BF05-4346-4AA6-1389-037BE0695223}
	EndGlobalSection
	GlobalSection(ExtensibilityGlobals) = postSolution
		SolutionGuid = {3DB27583-CE94-43F0-B84A-62B36DFE2291}
	EndGlobalSection
EndGlobal
