
Microsoft Visual Studio Solution File, Format Version 12.00
# Visual Studio Version 17
VisualStudioVersion = 17.0.31903.59
MinimumVisualStudioVersion = 10.0.40219.1
Project("{2150E333-8FDC-42A3-9474-1A3956D46DE8}") = "tests", "tests", "{0AB3BF05-4346-4AA6-1389-037BE0695223}"
EndProject
Project("{FAE04EC0-301F-11D3-BF4B-00C04F79EFBC}") = "orbital.core.tests", "tests\orbital.core.tests\orbital.core.tests.csproj", "{CD79B7EB-4F94-4219-AA4A-77FA3C309582}"
EndProject
Project("{FAE04EC0-301F-11D3-BF4B-00C04F79EFBC}") = "orbital.test.shared", "tests\orbital.test.shared\orbital.test.shared.csproj", "{FA74D733-CD57-40B2-B17A-85650CD387CE}"
EndProject
Project("{FAE04EC0-301F-11D3-BF4B-00C04F79EFBC}") = "orbital.api.tests", "tests\orbital.api.tests\orbital.api.tests.csproj", "{6F281E39-1AA6-4F2B-9584-DE59B187FB3D}"
EndProject
Project("{FAE04EC0-301F-11D3-BF4B-00C04F79EFBC}") = "orbital.integration.tests", "tests\orbital.integration.tests\orbital.integration.tests.csproj", "{C62688E5-1E47-4338-BCB8-24A9DBEE6EB5}"
EndProject
<<<<<<< HEAD
=======
Project("{2150E333-8FDC-42A3-9474-1A3956D46DE8}") = "src", "src", "{827E0CD3-B72D-47B6-A68D-7590B98EB39B}"
EndProject
Project("{FAE04EC0-301F-11D3-BF4B-00C04F79EFBC}") = "orbital.api", "src\orbital.api\orbital.api.csproj", "{3DFA1E62-6D50-4089-BCBD-ED9152628761}"
EndProject
Project("{FAE04EC0-301F-11D3-BF4B-00C04F79EFBC}") = "orbital.AppHost", "src\orbital.AppHost\orbital.AppHost.csproj", "{99B6651A-C4F4-48AD-AAC5-831077C91AEA}"
EndProject
Project("{FAE04EC0-301F-11D3-BF4B-00C04F79EFBC}") = "orbital.core", "src\orbital.core\orbital.core.csproj", "{3AD782F1-3122-47A7-849D-50585FAF29E9}"
EndProject
Project("{FAE04EC0-301F-11D3-BF4B-00C04F79EFBC}") = "orbital.data", "src\orbital.data\orbital.data.csproj", "{9936CA3F-4677-46DA-8001-FA72CDA804B2}"
EndProject
Project("{FAE04EC0-301F-11D3-BF4B-00C04F79EFBC}") = "orbital.ServiceDefaults", "src\orbital.ServiceDefaults\orbital.ServiceDefaults.csproj", "{523298AD-752D-44A5-82DB-4773E7787783}"
EndProject
Project("{FAE04EC0-301F-11D3-BF4B-00C04F79EFBC}") = "orbital.web", "src\orbital.web\orbital.web.csproj", "{21EA9DB7-9536-4C92-8662-937FB369E908}"
EndProject
>>>>>>> f0a98b7d247bdb359bd7bc7629aff95ccd79cc76
Global
	GlobalSection(SolutionConfigurationPlatforms) = preSolution
		Debug|Any CPU = Debug|Any CPU
		Debug|x64 = Debug|x64
		Debug|x86 = Debug|x86
		Release|Any CPU = Release|Any CPU
		Release|x64 = Release|x64
		Release|x86 = Release|x86
	EndGlobalSection
	GlobalSection(ProjectConfigurationPlatforms) = postSolution
		{CD79B7EB-4F94-4219-AA4A-77FA3C309582}.Debug|Any CPU.ActiveCfg = Debug|Any CPU
		{CD79B7EB-4F94-4219-AA4A-77FA3C309582}.Debug|Any CPU.Build.0 = Debug|Any CPU
		{CD79B7EB-4F94-4219-AA4A-77FA3C309582}.Debug|x64.ActiveCfg = Debug|Any CPU
		{CD79B7EB-4F94-4219-AA4A-77FA3C309582}.Debug|x64.Build.0 = Debug|Any CPU
		{CD79B7EB-4F94-4219-AA4A-77FA3C309582}.Debug|x86.ActiveCfg = Debug|Any CPU
		{CD79B7EB-4F94-4219-AA4A-77FA3C309582}.Debug|x86.Build.0 = Debug|Any CPU
		{CD79B7EB-4F94-4219-AA4A-77FA3C309582}.Release|Any CPU.ActiveCfg = Release|Any CPU
		{CD79B7EB-4F94-4219-AA4A-77FA3C309582}.Release|Any CPU.Build.0 = Release|Any CPU
		{CD79B7EB-4F94-4219-AA4A-77FA3C309582}.Release|x64.ActiveCfg = Release|Any CPU
		{CD79B7EB-4F94-4219-AA4A-77FA3C309582}.Release|x64.Build.0 = Release|Any CPU
		{CD79B7EB-4F94-4219-AA4A-77FA3C309582}.Release|x86.ActiveCfg = Release|Any CPU
		{CD79B7EB-4F94-4219-AA4A-77FA3C309582}.Release|x86.Build.0 = Release|Any CPU
		{FA74D733-CD57-40B2-B17A-85650CD387CE}.Debug|Any CPU.ActiveCfg = Debug|Any CPU
		{FA74D733-CD57-40B2-B17A-85650CD387CE}.Debug|Any CPU.Build.0 = Debug|Any CPU
		{FA74D733-CD57-40B2-B17A-85650CD387CE}.Debug|x64.ActiveCfg = Debug|Any CPU
		{FA74D733-CD57-40B2-B17A-85650CD387CE}.Debug|x64.Build.0 = Debug|Any CPU
		{FA74D733-CD57-40B2-B17A-85650CD387CE}.Debug|x86.ActiveCfg = Debug|Any CPU
		{FA74D733-CD57-40B2-B17A-85650CD387CE}.Debug|x86.Build.0 = Debug|Any CPU
		{FA74D733-CD57-40B2-B17A-85650CD387CE}.Release|Any CPU.ActiveCfg = Release|Any CPU
		{FA74D733-CD57-40B2-B17A-85650CD387CE}.Release|Any CPU.Build.0 = Release|Any CPU
		{FA74D733-CD57-40B2-B17A-85650CD387CE}.Release|x64.ActiveCfg = Release|Any CPU
		{FA74D733-CD57-40B2-B17A-85650CD387CE}.Release|x64.Build.0 = Release|Any CPU
		{FA74D733-CD57-40B2-B17A-85650CD387CE}.Release|x86.ActiveCfg = Release|Any CPU
		{FA74D733-CD57-40B2-B17A-85650CD387CE}.Release|x86.Build.0 = Release|Any CPU
		{6F281E39-1AA6-4F2B-9584-DE59B187FB3D}.Debug|Any CPU.ActiveCfg = Debug|Any CPU
		{6F281E39-1AA6-4F2B-9584-DE59B187FB3D}.Debug|Any CPU.Build.0 = Debug|Any CPU
		{6F281E39-1AA6-4F2B-9584-DE59B187FB3D}.Debug|x64.ActiveCfg = Debug|Any CPU
		{6F281E39-1AA6-4F2B-9584-DE59B187FB3D}.Debug|x64.Build.0 = Debug|Any CPU
		{6F281E39-1AA6-4F2B-9584-DE59B187FB3D}.Debug|x86.ActiveCfg = Debug|Any CPU
		{6F281E39-1AA6-4F2B-9584-DE59B187FB3D}.Debug|x86.Build.0 = Debug|Any CPU
		{6F281E39-1AA6-4F2B-9584-DE59B187FB3D}.Release|Any CPU.ActiveCfg = Release|Any CPU
		{6F281E39-1AA6-4F2B-9584-DE59B187FB3D}.Release|Any CPU.Build.0 = Release|Any CPU
		{6F281E39-1AA6-4F2B-9584-DE59B187FB3D}.Release|x64.ActiveCfg = Release|Any CPU
		{6F281E39-1AA6-4F2B-9584-DE59B187FB3D}.Release|x64.Build.0 = Release|Any CPU
		{6F281E39-1AA6-4F2B-9584-DE59B187FB3D}.Release|x86.ActiveCfg = Release|Any CPU
		{6F281E39-1AA6-4F2B-9584-DE59B187FB3D}.Release|x86.Build.0 = Release|Any CPU
		{C62688E5-1E47-4338-BCB8-24A9DBEE6EB5}.Debug|Any CPU.ActiveCfg = Debug|Any CPU
		{C62688E5-1E47-4338-BCB8-24A9DBEE6EB5}.Debug|Any CPU.Build.0 = Debug|Any CPU
		{C62688E5-1E47-4338-BCB8-24A9DBEE6EB5}.Debug|x64.ActiveCfg = Debug|Any CPU
		{C62688E5-1E47-4338-BCB8-24A9DBEE6EB5}.Debug|x64.Build.0 = Debug|Any CPU
		{C62688E5-1E47-4338-BCB8-24A9DBEE6EB5}.Debug|x86.ActiveCfg = Debug|Any CPU
		{C62688E5-1E47-4338-BCB8-24A9DBEE6EB5}.Debug|x86.Build.0 = Debug|Any CPU
		{C62688E5-1E47-4338-BCB8-24A9DBEE6EB5}.Release|Any CPU.ActiveCfg = Release|Any CPU
		{C62688E5-1E47-4338-BCB8-24A9DBEE6EB5}.Release|Any CPU.Build.0 = Release|Any CPU
		{C62688E5-1E47-4338-BCB8-24A9DBEE6EB5}.Release|x64.ActiveCfg = Release|Any CPU
		{C62688E5-1E47-4338-BCB8-24A9DBEE6EB5}.Release|x64.Build.0 = Release|Any CPU
		{C62688E5-1E47-4338-BCB8-24A9DBEE6EB5}.Release|x86.ActiveCfg = Release|Any CPU
		{C62688E5-1E47-4338-BCB8-24A9DBEE6EB5}.Release|x86.Build.0 = Release|Any CPU
<<<<<<< HEAD
=======
		{3DFA1E62-6D50-4089-BCBD-ED9152628761}.Debug|Any CPU.ActiveCfg = Debug|Any CPU
		{3DFA1E62-6D50-4089-BCBD-ED9152628761}.Debug|Any CPU.Build.0 = Debug|Any CPU
		{3DFA1E62-6D50-4089-BCBD-ED9152628761}.Debug|x64.ActiveCfg = Debug|Any CPU
		{3DFA1E62-6D50-4089-BCBD-ED9152628761}.Debug|x64.Build.0 = Debug|Any CPU
		{3DFA1E62-6D50-4089-BCBD-ED9152628761}.Debug|x86.ActiveCfg = Debug|Any CPU
		{3DFA1E62-6D50-4089-BCBD-ED9152628761}.Debug|x86.Build.0 = Debug|Any CPU
		{3DFA1E62-6D50-4089-BCBD-ED9152628761}.Release|Any CPU.ActiveCfg = Release|Any CPU
		{3DFA1E62-6D50-4089-BCBD-ED9152628761}.Release|Any CPU.Build.0 = Release|Any CPU
		{3DFA1E62-6D50-4089-BCBD-ED9152628761}.Release|x64.ActiveCfg = Release|Any CPU
		{3DFA1E62-6D50-4089-BCBD-ED9152628761}.Release|x64.Build.0 = Release|Any CPU
		{3DFA1E62-6D50-4089-BCBD-ED9152628761}.Release|x86.ActiveCfg = Release|Any CPU
		{3DFA1E62-6D50-4089-BCBD-ED9152628761}.Release|x86.Build.0 = Release|Any CPU
		{99B6651A-C4F4-48AD-AAC5-831077C91AEA}.Debug|Any CPU.ActiveCfg = Debug|Any CPU
		{99B6651A-C4F4-48AD-AAC5-831077C91AEA}.Debug|Any CPU.Build.0 = Debug|Any CPU
		{99B6651A-C4F4-48AD-AAC5-831077C91AEA}.Debug|x64.ActiveCfg = Debug|Any CPU
		{99B6651A-C4F4-48AD-AAC5-831077C91AEA}.Debug|x64.Build.0 = Debug|Any CPU
		{99B6651A-C4F4-48AD-AAC5-831077C91AEA}.Debug|x86.ActiveCfg = Debug|Any CPU
		{99B6651A-C4F4-48AD-AAC5-831077C91AEA}.Debug|x86.Build.0 = Debug|Any CPU
		{99B6651A-C4F4-48AD-AAC5-831077C91AEA}.Release|Any CPU.ActiveCfg = Release|Any CPU
		{99B6651A-C4F4-48AD-AAC5-831077C91AEA}.Release|Any CPU.Build.0 = Release|Any CPU
		{99B6651A-C4F4-48AD-AAC5-831077C91AEA}.Release|x64.ActiveCfg = Release|Any CPU
		{99B6651A-C4F4-48AD-AAC5-831077C91AEA}.Release|x64.Build.0 = Release|Any CPU
		{99B6651A-C4F4-48AD-AAC5-831077C91AEA}.Release|x86.ActiveCfg = Release|Any CPU
		{99B6651A-C4F4-48AD-AAC5-831077C91AEA}.Release|x86.Build.0 = Release|Any CPU
		{3AD782F1-3122-47A7-849D-50585FAF29E9}.Debug|Any CPU.ActiveCfg = Debug|Any CPU
		{3AD782F1-3122-47A7-849D-50585FAF29E9}.Debug|Any CPU.Build.0 = Debug|Any CPU
		{3AD782F1-3122-47A7-849D-50585FAF29E9}.Debug|x64.ActiveCfg = Debug|Any CPU
		{3AD782F1-3122-47A7-849D-50585FAF29E9}.Debug|x64.Build.0 = Debug|Any CPU
		{3AD782F1-3122-47A7-849D-50585FAF29E9}.Debug|x86.ActiveCfg = Debug|Any CPU
		{3AD782F1-3122-47A7-849D-50585FAF29E9}.Debug|x86.Build.0 = Debug|Any CPU
		{3AD782F1-3122-47A7-849D-50585FAF29E9}.Release|Any CPU.ActiveCfg = Release|Any CPU
		{3AD782F1-3122-47A7-849D-50585FAF29E9}.Release|Any CPU.Build.0 = Release|Any CPU
		{3AD782F1-3122-47A7-849D-50585FAF29E9}.Release|x64.ActiveCfg = Release|Any CPU
		{3AD782F1-3122-47A7-849D-50585FAF29E9}.Release|x64.Build.0 = Release|Any CPU
		{3AD782F1-3122-47A7-849D-50585FAF29E9}.Release|x86.ActiveCfg = Release|Any CPU
		{3AD782F1-3122-47A7-849D-50585FAF29E9}.Release|x86.Build.0 = Release|Any CPU
		{9936CA3F-4677-46DA-8001-FA72CDA804B2}.Debug|Any CPU.ActiveCfg = Debug|Any CPU
		{9936CA3F-4677-46DA-8001-FA72CDA804B2}.Debug|Any CPU.Build.0 = Debug|Any CPU
		{9936CA3F-4677-46DA-8001-FA72CDA804B2}.Debug|x64.ActiveCfg = Debug|Any CPU
		{9936CA3F-4677-46DA-8001-FA72CDA804B2}.Debug|x64.Build.0 = Debug|Any CPU
		{9936CA3F-4677-46DA-8001-FA72CDA804B2}.Debug|x86.ActiveCfg = Debug|Any CPU
		{9936CA3F-4677-46DA-8001-FA72CDA804B2}.Debug|x86.Build.0 = Debug|Any CPU
		{9936CA3F-4677-46DA-8001-FA72CDA804B2}.Release|Any CPU.ActiveCfg = Release|Any CPU
		{9936CA3F-4677-46DA-8001-FA72CDA804B2}.Release|Any CPU.Build.0 = Release|Any CPU
		{9936CA3F-4677-46DA-8001-FA72CDA804B2}.Release|x64.ActiveCfg = Release|Any CPU
		{9936CA3F-4677-46DA-8001-FA72CDA804B2}.Release|x64.Build.0 = Release|Any CPU
		{9936CA3F-4677-46DA-8001-FA72CDA804B2}.Release|x86.ActiveCfg = Release|Any CPU
		{9936CA3F-4677-46DA-8001-FA72CDA804B2}.Release|x86.Build.0 = Release|Any CPU
		{523298AD-752D-44A5-82DB-4773E7787783}.Debug|Any CPU.ActiveCfg = Debug|Any CPU
		{523298AD-752D-44A5-82DB-4773E7787783}.Debug|Any CPU.Build.0 = Debug|Any CPU
		{523298AD-752D-44A5-82DB-4773E7787783}.Debug|x64.ActiveCfg = Debug|Any CPU
		{523298AD-752D-44A5-82DB-4773E7787783}.Debug|x64.Build.0 = Debug|Any CPU
		{523298AD-752D-44A5-82DB-4773E7787783}.Debug|x86.ActiveCfg = Debug|Any CPU
		{523298AD-752D-44A5-82DB-4773E7787783}.Debug|x86.Build.0 = Debug|Any CPU
		{523298AD-752D-44A5-82DB-4773E7787783}.Release|Any CPU.ActiveCfg = Release|Any CPU
		{523298AD-752D-44A5-82DB-4773E7787783}.Release|Any CPU.Build.0 = Release|Any CPU
		{523298AD-752D-44A5-82DB-4773E7787783}.Release|x64.ActiveCfg = Release|Any CPU
		{523298AD-752D-44A5-82DB-4773E7787783}.Release|x64.Build.0 = Release|Any CPU
		{523298AD-752D-44A5-82DB-4773E7787783}.Release|x86.ActiveCfg = Release|Any CPU
		{523298AD-752D-44A5-82DB-4773E7787783}.Release|x86.Build.0 = Release|Any CPU
		{21EA9DB7-9536-4C92-8662-937FB369E908}.Debug|Any CPU.ActiveCfg = Debug|Any CPU
		{21EA9DB7-9536-4C92-8662-937FB369E908}.Debug|Any CPU.Build.0 = Debug|Any CPU
		{21EA9DB7-9536-4C92-8662-937FB369E908}.Debug|x64.ActiveCfg = Debug|Any CPU
		{21EA9DB7-9536-4C92-8662-937FB369E908}.Debug|x64.Build.0 = Debug|Any CPU
		{21EA9DB7-9536-4C92-8662-937FB369E908}.Debug|x86.ActiveCfg = Debug|Any CPU
		{21EA9DB7-9536-4C92-8662-937FB369E908}.Debug|x86.Build.0 = Debug|Any CPU
		{21EA9DB7-9536-4C92-8662-937FB369E908}.Release|Any CPU.ActiveCfg = Release|Any CPU
		{21EA9DB7-9536-4C92-8662-937FB369E908}.Release|Any CPU.Build.0 = Release|Any CPU
		{21EA9DB7-9536-4C92-8662-937FB369E908}.Release|x64.ActiveCfg = Release|Any CPU
		{21EA9DB7-9536-4C92-8662-937FB369E908}.Release|x64.Build.0 = Release|Any CPU
		{21EA9DB7-9536-4C92-8662-937FB369E908}.Release|x86.ActiveCfg = Release|Any CPU
		{21EA9DB7-9536-4C92-8662-937FB369E908}.Release|x86.Build.0 = Release|Any CPU
>>>>>>> f0a98b7d247bdb359bd7bc7629aff95ccd79cc76
	EndGlobalSection
	GlobalSection(SolutionProperties) = preSolution
		HideSolutionNode = FALSE
	EndGlobalSection
	GlobalSection(NestedProjects) = preSolution
		{CD79B7EB-4F94-4219-AA4A-77FA3C309582} = {0AB3BF05-4346-4AA6-1389-037BE0695223}
		{FA74D733-CD57-40B2-B17A-85650CD387CE} = {0AB3BF05-4346-4AA6-1389-037BE0695223}
		{6F281E39-1AA6-4F2B-9584-DE59B187FB3D} = {0AB3BF05-4346-4AA6-1389-037BE0695223}
		{C62688E5-1E47-4338-BCB8-24A9DBEE6EB5} = {0AB3BF05-4346-4AA6-1389-037BE0695223}
<<<<<<< HEAD
=======
		{3DFA1E62-6D50-4089-BCBD-ED9152628761} = {827E0CD3-B72D-47B6-A68D-7590B98EB39B}
		{99B6651A-C4F4-48AD-AAC5-831077C91AEA} = {827E0CD3-B72D-47B6-A68D-7590B98EB39B}
		{3AD782F1-3122-47A7-849D-50585FAF29E9} = {827E0CD3-B72D-47B6-A68D-7590B98EB39B}
		{9936CA3F-4677-46DA-8001-FA72CDA804B2} = {827E0CD3-B72D-47B6-A68D-7590B98EB39B}
		{523298AD-752D-44A5-82DB-4773E7787783} = {827E0CD3-B72D-47B6-A68D-7590B98EB39B}
		{21EA9DB7-9536-4C92-8662-937FB369E908} = {827E0CD3-B72D-47B6-A68D-7590B98EB39B}
>>>>>>> f0a98b7d247bdb359bd7bc7629aff95ccd79cc76
	EndGlobalSection
	GlobalSection(ExtensibilityGlobals) = postSolution
		SolutionGuid = {3DB27583-CE94-43F0-B84A-62B36DFE2291}
	EndGlobalSection
EndGlobal
