
Microsoft Visual Studio Solution File, Format Version 12.00
# Visual Studio Version 17
VisualStudioVersion = 17.0.31903.59
MinimumVisualStudioVersion = 10.0.40219.1
Project("{FAE04EC0-301F-11D3-BF4B-00C04F79EFBC}") = "orbital.web", "orbital.web\orbital.web.csproj", "{74873CF0-1436-43E8-BB9D-8F1ECD90871D}"
	ProjectSection(ProjectDependencies) = postProject
		{6519F008-A667-CB21-7987-30923FC1325D} = {6519F008-A667-CB21-7987-30923FC1325D}
	EndProjectSection
EndProject
Project("{FAE04EC0-301F-11D3-BF4B-00C04F79EFBC}") = "orbital.AppHost", "orbital.AppHost\orbital.AppHost.csproj", "{CE847CE3-E225-49D0-9546-DB2C4778062A}"
	ProjectSection(ProjectDependencies) = postProject
		{74873CF0-1436-43E8-BB9D-8F1ECD90871D} = {74873CF0-1436-43E8-BB9D-8F1ECD90871D}
	EndProjectSection
EndProject
Project("{FAE04EC0-301F-11D3-BF4B-00C04F79EFBC}") = "orbital.ServiceDefaults", "orbital.ServiceDefaults\orbital.ServiceDefaults.csproj", "{6519F008-A667-CB21-7987-30923FC1325D}"
EndProject
Project("{FAE04EC0-301F-11D3-BF4B-00C04F79EFBC}") = "orbital.api", "orbital.api\orbital.api.csproj", "{1642D94B-E600-169D-8717-4A738DA3FFD6}"
	ProjectSection(ProjectDependencies) = postProject
		{2DB798D1-240C-4FB1-A477-99B7706F1ED7} = {2DB798D1-240C-4FB1-A477-99B7706F1ED7}
	EndProjectSection
EndProject
Project("{FAE04EC0-301F-11D3-BF4B-00C04F79EFBC}") = "orbital.core", "orbital.core\orbital.core.csproj", "{2DB798D1-240C-4FB1-A477-99B7706F1ED7}"
EndProject
Project("{FAE04EC0-301F-11D3-BF4B-00C04F79EFBC}") = "orbital.data", "orbital.data\orbital.data.csproj", "{7DD63355-2C55-4110-A9DF-843CDF328EA1}"
EndProject
Global
	GlobalSection(SolutionConfigurationPlatforms) = preSolution
		Debug|Any CPU = Debug|Any CPU
		Release|Any CPU = Release|Any CPU
	EndGlobalSection
	GlobalSection(ProjectConfigurationPlatforms) = postSolution
		{74873CF0-1436-43E8-BB9D-8F1ECD90871D}.Debug|Any CPU.ActiveCfg = Debug|Any CPU
		{74873CF0-1436-43E8-BB9D-8F1ECD90871D}.Debug|Any CPU.Build.0 = Debug|Any CPU
		{74873CF0-1436-43E8-BB9D-8F1ECD90871D}.Release|Any CPU.ActiveCfg = Release|Any CPU
		{74873CF0-1436-43E8-BB9D-8F1ECD90871D}.Release|Any CPU.Build.0 = Release|Any CPU
		{CE847CE3-E225-49D0-9546-DB2C4778062A}.Debug|Any CPU.ActiveCfg = Debug|Any CPU
		{CE847CE3-E225-49D0-9546-DB2C4778062A}.Debug|Any CPU.Build.0 = Debug|Any CPU
		{CE847CE3-E225-49D0-9546-DB2C4778062A}.Release|Any CPU.ActiveCfg = Release|Any CPU
		{CE847CE3-E225-49D0-9546-DB2C4778062A}.Release|Any CPU.Build.0 = Release|Any CPU
		{6519F008-A667-CB21-7987-30923FC1325D}.Debug|Any CPU.ActiveCfg = Debug|Any CPU
		{6519F008-A667-CB21-7987-30923FC1325D}.Debug|Any CPU.Build.0 = Debug|Any CPU
		{6519F008-A667-CB21-7987-30923FC1325D}.Release|Any CPU.ActiveCfg = Release|Any CPU
		{6519F008-A667-CB21-7987-30923FC1325D}.Release|Any CPU.Build.0 = Release|Any CPU
		{1642D94B-E600-169D-8717-4A738DA3FFD6}.Debug|Any CPU.ActiveCfg = Debug|Any CPU
		{1642D94B-E600-169D-8717-4A738DA3FFD6}.Debug|Any CPU.Build.0 = Debug|Any CPU
		{1642D94B-E600-169D-8717-4A738DA3FFD6}.Release|Any CPU.ActiveCfg = Release|Any CPU
		{1642D94B-E600-169D-8717-4A738DA3FFD6}.Release|Any CPU.Build.0 = Release|Any CPU
		{2DB798D1-240C-4FB1-A477-99B7706F1ED7}.Debug|Any CPU.ActiveCfg = Debug|Any CPU
		{2DB798D1-240C-4FB1-A477-99B7706F1ED7}.Debug|Any CPU.Build.0 = Debug|Any CPU
		{2DB798D1-240C-4FB1-A477-99B7706F1ED7}.Release|Any CPU.ActiveCfg = Release|Any CPU
		{2DB798D1-240C-4FB1-A477-99B7706F1ED7}.Release|Any CPU.Build.0 = Release|Any CPU
		{7DD63355-2C55-4110-A9DF-843CDF328EA1}.Debug|Any CPU.ActiveCfg = Debug|Any CPU
		{7DD63355-2C55-4110-A9DF-843CDF328EA1}.Debug|Any CPU.Build.0 = Debug|Any CPU
		{7DD63355-2C55-4110-A9DF-843CDF328EA1}.Release|Any CPU.ActiveCfg = Release|Any CPU
		{7DD63355-2C55-4110-A9DF-843CDF328EA1}.Release|Any CPU.Build.0 = Release|Any CPU
	EndGlobalSection
	GlobalSection(SolutionProperties) = preSolution
		HideSolutionNode = FALSE
	EndGlobalSection
	GlobalSection(ExtensibilityGlobals) = postSolution
		SolutionGuid = {3DB27583-CE94-43F0-B84A-62B36DFE2291}
	EndGlobalSection
EndGlobal
